
Microsoft Visual Studio Solution File, Format Version 12.00
# Visual Studio Version 17
VisualStudioVersion = 17.14.36414.22 d17.14
MinimumVisualStudioVersion = 10.0.40219.1
Project("{FAE04EC0-301F-11D3-BF4B-00C04F79EFBC}") = "StudentProfile.Core", "StudentProfile.Core\StudentProfile.Core.csproj", "{83875822-C5C4-414E-AAA3-9B4F250861A4}"
EndProject
Project("{FAE04EC0-301F-11D3-BF4B-00C04F79EFBC}") = "StudentProfile.Tests", "StudentProfile.Tests\StudentProfile.Tests.csproj", "{99E51910-74AF-40EF-A0AF-649BAE20DD39}"
EndProject
Global
	GlobalSection(SolutionConfigurationPlatforms) = preSolution
		Debug|Any CPU = Debug|Any CPU
		Release|Any CPU = Release|Any CPU
	EndGlobalSection
	GlobalSection(ProjectConfigurationPlatforms) = postSolution
		{83875822-C5C4-414E-AAA3-9B4F250861A4}.Debug|Any CPU.ActiveCfg = Debug|Any CPU
		{83875822-C5C4-414E-AAA3-9B4F250861A4}.Debug|Any CPU.Build.0 = Debug|Any CPU
		{83875822-C5C4-414E-AAA3-9B4F250861A4}.Release|Any CPU.ActiveCfg = Release|Any CPU
		{83875822-C5C4-414E-AAA3-9B4F250861A4}.Release|Any CPU.Build.0 = Release|Any CPU
		{99E51910-74AF-40EF-A0AF-649BAE20DD39}.Debug|Any CPU.ActiveCfg = Debug|Any CPU
		{99E51910-74AF-40EF-A0AF-649BAE20DD39}.Debug|Any CPU.Build.0 = Debug|Any CPU
		{99E51910-74AF-40EF-A0AF-649BAE20DD39}.Release|Any CPU.ActiveCfg = Release|Any CPU
		{99E51910-74AF-40EF-A0AF-649BAE20DD39}.Release|Any CPU.Build.0 = Release|Any CPU
	EndGlobalSection
	GlobalSection(SolutionProperties) = preSolution
		HideSolutionNode = FALSE
	EndGlobalSection
	GlobalSection(ExtensibilityGlobals) = postSolution
		SolutionGuid = {81077146-7D25-4B8C-BCE5-C90B2BA9BBE7}
	EndGlobalSection
EndGlobal
